{
  "name": "toolkit-test",
  "version": "1.0.0",
  "lockfileVersion": 2,
  "requires": true,
  "packages": {
    "": {
      "name": "toolkit-test",
      "version": "1.0.0",
      "license": "ISC",
      "dependencies": {
        "@microsoft/fast-components": "^2.21.0",
        "@vscode/webview-ui-toolkit": "^0.9.0"
      }
    },
    "node_modules/@microsoft/fast-colors": {
      "version": "5.1.4",
      "resolved": "https://registry.npmjs.org/@microsoft/fast-colors/-/fast-colors-5.1.4.tgz",
      "integrity": "sha512-+0ZVfZ04627buD8ZK8k84FpZom85vU0qUoRtcnFQm6AG5MIWcRE8m5ybJlMIjv2LIJcI/q7tjl+ruKBpWaqwJQ=="
    },
    "node_modules/@microsoft/fast-components": {
      "version": "2.21.0",
      "resolved": "https://registry.npmjs.org/@microsoft/fast-components/-/fast-components-2.21.0.tgz",
      "integrity": "sha512-CQ6eh9ZeJitg9ew0SWavzPZ8Y7hi1u3y66MZ7/WHn03npmP4hxmwjQsm9mMjlZ/GqVkmImd2rvnrXg7klzqcKw==",
      "dependencies": {
        "@microsoft/fast-colors": "^5.1.4",
        "@microsoft/fast-element": "^1.7.0",
        "@microsoft/fast-foundation": "^2.33.0",
        "@microsoft/fast-web-utilities": "^5.1.0",
        "tslib": "^1.13.0",
        "vscode-html-languageservice": "^4.0.3"
      }
    },
    "node_modules/@microsoft/fast-element": {
      "version": "1.7.0",
      "resolved": "https://registry.npmjs.org/@microsoft/fast-element/-/fast-element-1.7.0.tgz",
      "integrity": "sha512-2qpAWuiOSdQfH/XdO8ZtVhlvQVCjHlojWUPoGbvHJDizBccZib+4uGReG87RIBp2Fi0s7ngYPRUioS1Lr+Xe0A=="
    },
    "node_modules/@microsoft/fast-foundation": {
      "version": "2.33.0",
      "resolved": "https://registry.npmjs.org/@microsoft/fast-foundation/-/fast-foundation-2.33.0.tgz",
      "integrity": "sha512-VBf+yULWHmnppnrxdbXRqi+0ISpKqM0lShnbT0/jnTnA9tEQ2NPdYzmklVssXXJ5lPtxdJf7JOEEd/xC46riVQ==",
      "dependencies": {
        "@microsoft/fast-element": "^1.7.0",
        "@microsoft/fast-web-utilities": "^5.1.0",
        "tabbable": "^5.2.0",
        "tslib": "^1.13.0"
      }
    },
    "node_modules/@microsoft/fast-react-wrapper": {
      "version": "0.1.27",
      "resolved": "https://registry.npmjs.org/@microsoft/fast-react-wrapper/-/fast-react-wrapper-0.1.27.tgz",
      "integrity": "sha512-f0+hTwsG4zD526Bmf/DO4bGa+XO/KtClbWqFxhWZK8sRM5zPFajS31Ma+b2/NUo8oSg6q6t2XtDLlsbHd5RAWQ==",
      "dependencies": {
        "@microsoft/fast-element": "^1.7.0",
        "@microsoft/fast-foundation": "^2.33.0"
      },
      "peerDependencies": {
        "react": ">=16.9.0"
      }
    },
    "node_modules/@microsoft/fast-web-utilities": {
      "version": "5.1.0",
      "resolved": "https://registry.npmjs.org/@microsoft/fast-web-utilities/-/fast-web-utilities-5.1.0.tgz",
      "integrity": "sha512-S2PCxI4XqtIxLM1N7i/NuIAgx+mJM01+mDzyB3vZlYibAkOT0bzp5YZCp+coXowokSin/nK5T2kqShMXEzI6Jg==",
      "dependencies": {
        "exenv-es6": "^1.0.0"
      }
    },
    "node_modules/@vscode/webview-ui-toolkit": {
      "version": "0.9.0",
      "resolved": "https://registry.npmjs.org/@vscode/webview-ui-toolkit/-/webview-ui-toolkit-0.9.0.tgz",
      "integrity": "sha512-F67LSz0yURKqPomSZA4xTu9d8VC+MtjlpCk2KygX8m2R3tvTSOjpntQ/6U1gjPVG0Pmw1m3YB2Yhhyo8E/c0zw==",
      "dependencies": {
        "@microsoft/fast-element": "^1.6.2",
        "@microsoft/fast-foundation": "^2.30.0",
        "@microsoft/fast-react-wrapper": "^0.1.18"
      },
      "peerDependencies": {
        "react": ">=16.9.0"
      }
    },
    "node_modules/exenv-es6": {
      "version": "1.0.0",
      "resolved": "https://registry.npmjs.org/exenv-es6/-/exenv-es6-1.0.0.tgz",
      "integrity": "sha512-fcG/TX8Ruv9Ma6PBaiNsUrHRJzVzuFMP6LtPn/9iqR+nr9mcLeEOGzXQGLC5CVQSXGE98HtzW2mTZkrCA3XrDg=="
    },
    "node_modules/js-tokens": {
      "version": "4.0.0",
      "resolved": "https://registry.npmjs.org/js-tokens/-/js-tokens-4.0.0.tgz",
      "integrity": "sha512-RdJUflcE3cUzKiMqQgsCu06FPu9UdIJO0beYbPhHN4k6apgJtifcoCtT9bcxOpYBtpD2kCM6Sbzg4CausW/PKQ==",
      "peer": true
    },
    "node_modules/loose-envify": {
      "version": "1.4.0",
      "resolved": "https://registry.npmjs.org/loose-envify/-/loose-envify-1.4.0.tgz",
      "integrity": "sha512-lyuxPGr/Wfhrlem2CL/UcnUc1zcqKAImBDzukY7Y5F/yQiNdko6+fRLevlw1HgMySw7f611UIY408EtxRSoK3Q==",
      "peer": true,
      "dependencies": {
        "js-tokens": "^3.0.0 || ^4.0.0"
      },
      "bin": {
        "loose-envify": "cli.js"
      }
    },
    "node_modules/object-assign": {
      "version": "4.1.1",
      "resolved": "https://registry.npmjs.org/object-assign/-/object-assign-4.1.1.tgz",
      "integrity": "sha1-IQmtx5ZYh8/AXLvUQsrIv7s2CGM=",
      "peer": true,
      "engines": {
        "node": ">=0.10.0"
      }
    },
    "node_modules/react": {
      "version": "17.0.2",
      "resolved": "https://registry.npmjs.org/react/-/react-17.0.2.tgz",
      "integrity": "sha512-gnhPt75i/dq/z3/6q/0asP78D0u592D5L1pd7M8P+dck6Fu/jJeL6iVVK23fptSUZj8Vjf++7wXA8UNclGQcbA==",
      "peer": true,
      "dependencies": {
        "loose-envify": "^1.1.0",
        "object-assign": "^4.1.1"
      },
      "engines": {
        "node": ">=0.10.0"
      }
    },
    "node_modules/tabbable": {
      "version": "5.2.1",
      "resolved": "https://registry.npmjs.org/tabbable/-/tabbable-5.2.1.tgz",
      "integrity": "sha512-40pEZ2mhjaZzK0BnI+QGNjJO8UYx9pP5v7BGe17SORTO0OEuuaAwQTkAp8whcZvqon44wKFOikD+Al11K3JICQ=="
    },
    "node_modules/tslib": {
      "version": "1.14.1",
      "resolved": "https://registry.npmjs.org/tslib/-/tslib-1.14.1.tgz",
      "integrity": "sha512-Xni35NKzjgMrwevysHTCArtLDpPvye8zV/0E4EyYn43P7/7qvQwPh9BGkHewbMulVntbigmcT7rdX3BNo9wRJg=="
    },
    "node_modules/vscode-html-languageservice": {
      "version": "4.2.1",
      "resolved": "https://registry.npmjs.org/vscode-html-languageservice/-/vscode-html-languageservice-4.2.1.tgz",
      "integrity": "sha512-PgaToZVXJ44nFWEBuSINdDgVV6EnpC3MnXBsysR3O5TKcAfywbYeRGRy+Y4dVR7YeUgDvtb+JkJoSkaYC0mxXQ==",
      "dependencies": {
        "vscode-languageserver-textdocument": "^1.0.1",
        "vscode-languageserver-types": "^3.16.0",
        "vscode-nls": "^5.0.0",
        "vscode-uri": "^3.0.2"
      }
    },
    "node_modules/vscode-languageserver-textdocument": {
      "version": "1.0.4",
      "resolved": "https://registry.npmjs.org/vscode-languageserver-textdocument/-/vscode-languageserver-textdocument-1.0.4.tgz",
      "integrity": "sha512-/xhqXP/2A2RSs+J8JNXpiiNVvvNM0oTosNVmQnunlKvq9o4mupHOBAnnzH0lwIPKazXKvAKsVp1kr+H/K4lgoQ=="
    },
    "node_modules/vscode-languageserver-types": {
      "version": "3.16.0",
      "resolved": "https://registry.npmjs.org/vscode-languageserver-types/-/vscode-languageserver-types-3.16.0.tgz",
      "integrity": "sha512-k8luDIWJWyenLc5ToFQQMaSrqCHiLwyKPHKPQZ5zz21vM+vIVUSvsRpcbiECH4WR88K2XZqc4ScRcZ7nk/jbeA=="
    },
    "node_modules/vscode-nls": {
      "version": "5.0.0",
      "resolved": "https://registry.npmjs.org/vscode-nls/-/vscode-nls-5.0.0.tgz",
      "integrity": "sha512-u0Lw+IYlgbEJFF6/qAqG2d1jQmJl0eyAGJHoAJqr2HT4M2BNuQYSEiSE75f52pXHSJm8AlTjnLLbBFPrdz2hpA=="
    },
    "node_modules/vscode-uri": {
      "version": "3.0.3",
      "resolved": "https://registry.npmjs.org/vscode-uri/-/vscode-uri-3.0.3.tgz",
      "integrity": "sha512-EcswR2S8bpR7fD0YPeS7r2xXExrScVMxg4MedACaWHEtx9ftCF/qHG1xGkolzTPcEmjTavCQgbVzHUIdTMzFGA=="
    }
  },
  "dependencies": {
    "@microsoft/fast-colors": {
      "version": "5.1.4",
      "resolved": "https://registry.npmjs.org/@microsoft/fast-colors/-/fast-colors-5.1.4.tgz",
      "integrity": "sha512-+0ZVfZ04627buD8ZK8k84FpZom85vU0qUoRtcnFQm6AG5MIWcRE8m5ybJlMIjv2LIJcI/q7tjl+ruKBpWaqwJQ=="
    },
    "@microsoft/fast-components": {
      "version": "2.21.0",
      "resolved": "https://registry.npmjs.org/@microsoft/fast-components/-/fast-components-2.21.0.tgz",
      "integrity": "sha512-CQ6eh9ZeJitg9ew0SWavzPZ8Y7hi1u3y66MZ7/WHn03npmP4hxmwjQsm9mMjlZ/GqVkmImd2rvnrXg7klzqcKw==",
      "requires": {
        "@microsoft/fast-colors": "^5.1.4",
        "@microsoft/fast-element": "^1.7.0",
        "@microsoft/fast-foundation": "^2.33.0",
        "@microsoft/fast-web-utilities": "^5.1.0",
        "tslib": "^1.13.0",
        "vscode-html-languageservice": "^4.0.3"
      }
    },
    "@microsoft/fast-element": {
      "version": "1.7.0",
      "resolved": "https://registry.npmjs.org/@microsoft/fast-element/-/fast-element-1.7.0.tgz",
      "integrity": "sha512-2qpAWuiOSdQfH/XdO8ZtVhlvQVCjHlojWUPoGbvHJDizBccZib+4uGReG87RIBp2Fi0s7ngYPRUioS1Lr+Xe0A=="
    },
    "@microsoft/fast-foundation": {
      "version": "2.33.0",
      "resolved": "https://registry.npmjs.org/@microsoft/fast-foundation/-/fast-foundation-2.33.0.tgz",
      "integrity": "sha512-VBf+yULWHmnppnrxdbXRqi+0ISpKqM0lShnbT0/jnTnA9tEQ2NPdYzmklVssXXJ5lPtxdJf7JOEEd/xC46riVQ==",
      "requires": {
        "@microsoft/fast-element": "^1.7.0",
        "@microsoft/fast-web-utilities": "^5.1.0",
        "tabbable": "^5.2.0",
        "tslib": "^1.13.0"
      }
    },
    "@microsoft/fast-react-wrapper": {
      "version": "0.1.27",
      "resolved": "https://registry.npmjs.org/@microsoft/fast-react-wrapper/-/fast-react-wrapper-0.1.27.tgz",
      "integrity": "sha512-f0+hTwsG4zD526Bmf/DO4bGa+XO/KtClbWqFxhWZK8sRM5zPFajS31Ma+b2/NUo8oSg6q6t2XtDLlsbHd5RAWQ==",
      "requires": {
        "@microsoft/fast-element": "^1.7.0",
        "@microsoft/fast-foundation": "^2.33.0"
      }
    },
    "@microsoft/fast-web-utilities": {
      "version": "5.1.0",
      "resolved": "https://registry.npmjs.org/@microsoft/fast-web-utilities/-/fast-web-utilities-5.1.0.tgz",
      "integrity": "sha512-S2PCxI4XqtIxLM1N7i/NuIAgx+mJM01+mDzyB3vZlYibAkOT0bzp5YZCp+coXowokSin/nK5T2kqShMXEzI6Jg==",
      "requires": {
        "exenv-es6": "^1.0.0"
      }
    },
    "@vscode/webview-ui-toolkit": {
      "version": "0.9.0",
      "resolved": "https://registry.npmjs.org/@vscode/webview-ui-toolkit/-/webview-ui-toolkit-0.9.0.tgz",
      "integrity": "sha512-F67LSz0yURKqPomSZA4xTu9d8VC+MtjlpCk2KygX8m2R3tvTSOjpntQ/6U1gjPVG0Pmw1m3YB2Yhhyo8E/c0zw==",
      "requires": {
        "@microsoft/fast-element": "^1.6.2",
        "@microsoft/fast-foundation": "^2.30.0",
        "@microsoft/fast-react-wrapper": "^0.1.18"
      }
    },
    "exenv-es6": {
      "version": "1.0.0",
      "resolved": "https://registry.npmjs.org/exenv-es6/-/exenv-es6-1.0.0.tgz",
      "integrity": "sha512-fcG/TX8Ruv9Ma6PBaiNsUrHRJzVzuFMP6LtPn/9iqR+nr9mcLeEOGzXQGLC5CVQSXGE98HtzW2mTZkrCA3XrDg=="
    },
    "js-tokens": {
      "version": "4.0.0",
      "resolved": "https://registry.npmjs.org/js-tokens/-/js-tokens-4.0.0.tgz",
      "integrity": "sha512-RdJUflcE3cUzKiMqQgsCu06FPu9UdIJO0beYbPhHN4k6apgJtifcoCtT9bcxOpYBtpD2kCM6Sbzg4CausW/PKQ==",
      "peer": true
    },
    "loose-envify": {
      "version": "1.4.0",
      "resolved": "https://registry.npmjs.org/loose-envify/-/loose-envify-1.4.0.tgz",
      "integrity": "sha512-lyuxPGr/Wfhrlem2CL/UcnUc1zcqKAImBDzukY7Y5F/yQiNdko6+fRLevlw1HgMySw7f611UIY408EtxRSoK3Q==",
      "peer": true,
      "requires": {
        "js-tokens": "^3.0.0 || ^4.0.0"
      }
    },
    "object-assign": {
      "version": "4.1.1",
      "resolved": "https://registry.npmjs.org/object-assign/-/object-assign-4.1.1.tgz",
      "integrity": "sha1-IQmtx5ZYh8/AXLvUQsrIv7s2CGM=",
      "peer": true
    },
    "react": {
      "version": "17.0.2",
      "resolved": "https://registry.npmjs.org/react/-/react-17.0.2.tgz",
      "integrity": "sha512-gnhPt75i/dq/z3/6q/0asP78D0u592D5L1pd7M8P+dck6Fu/jJeL6iVVK23fptSUZj8Vjf++7wXA8UNclGQcbA==",
      "peer": true,
      "requires": {
        "loose-envify": "^1.1.0",
        "object-assign": "^4.1.1"
      }
    },
    "tabbable": {
      "version": "5.2.1",
      "resolved": "https://registry.npmjs.org/tabbable/-/tabbable-5.2.1.tgz",
      "integrity": "sha512-40pEZ2mhjaZzK0BnI+QGNjJO8UYx9pP5v7BGe17SORTO0OEuuaAwQTkAp8whcZvqon44wKFOikD+Al11K3JICQ=="
    },
    "tslib": {
      "version": "1.14.1",
      "resolved": "https://registry.npmjs.org/tslib/-/tslib-1.14.1.tgz",
      "integrity": "sha512-Xni35NKzjgMrwevysHTCArtLDpPvye8zV/0E4EyYn43P7/7qvQwPh9BGkHewbMulVntbigmcT7rdX3BNo9wRJg=="
    },
    "vscode-html-languageservice": {
      "version": "4.2.1",
      "resolved": "https://registry.npmjs.org/vscode-html-languageservice/-/vscode-html-languageservice-4.2.1.tgz",
      "integrity": "sha512-PgaToZVXJ44nFWEBuSINdDgVV6EnpC3MnXBsysR3O5TKcAfywbYeRGRy+Y4dVR7YeUgDvtb+JkJoSkaYC0mxXQ==",
      "requires": {
        "vscode-languageserver-textdocument": "^1.0.1",
        "vscode-languageserver-types": "^3.16.0",
        "vscode-nls": "^5.0.0",
        "vscode-uri": "^3.0.2"
      }
    },
    "vscode-languageserver-textdocument": {
      "version": "1.0.4",
      "resolved": "https://registry.npmjs.org/vscode-languageserver-textdocument/-/vscode-languageserver-textdocument-1.0.4.tgz",
      "integrity": "sha512-/xhqXP/2A2RSs+J8JNXpiiNVvvNM0oTosNVmQnunlKvq9o4mupHOBAnnzH0lwIPKazXKvAKsVp1kr+H/K4lgoQ=="
    },
    "vscode-languageserver-types": {
      "version": "3.16.0",
      "resolved": "https://registry.npmjs.org/vscode-languageserver-types/-/vscode-languageserver-types-3.16.0.tgz",
      "integrity": "sha512-k8luDIWJWyenLc5ToFQQMaSrqCHiLwyKPHKPQZ5zz21vM+vIVUSvsRpcbiECH4WR88K2XZqc4ScRcZ7nk/jbeA=="
    },
    "vscode-nls": {
      "version": "5.0.0",
      "resolved": "https://registry.npmjs.org/vscode-nls/-/vscode-nls-5.0.0.tgz",
      "integrity": "sha512-u0Lw+IYlgbEJFF6/qAqG2d1jQmJl0eyAGJHoAJqr2HT4M2BNuQYSEiSE75f52pXHSJm8AlTjnLLbBFPrdz2hpA=="
    },
    "vscode-uri": {
      "version": "3.0.3",
      "resolved": "https://registry.npmjs.org/vscode-uri/-/vscode-uri-3.0.3.tgz",
      "integrity": "sha512-EcswR2S8bpR7fD0YPeS7r2xXExrScVMxg4MedACaWHEtx9ftCF/qHG1xGkolzTPcEmjTavCQgbVzHUIdTMzFGA=="
    }
  }
}
